
Microsoft Visual Studio Solution File, Format Version 12.00
# Visual Studio Version 17
VisualStudioVersion = 17.8.34309.116
MinimumVisualStudioVersion = 10.0.40219.1
Project("{FAE04EC0-301F-11D3-BF4B-00C04F79EFBC}") = "Calculator", "Calculator\Calculator.csproj", "{2BD54F80-646D-4170-864E-D7A9FAAE3164}"
EndProject
Global
	GlobalSection(SolutionConfigurationPlatforms) = preSolution
		Debug|Any CPU = Debug|Any CPU
		Release|Any CPU = Release|Any CPU
	EndGlobalSection
	GlobalSection(ProjectConfigurationPlatforms) = postSolution
		{2BD54F80-646D-4170-864E-D7A9FAAE3164}.Debug|Any CPU.ActiveCfg = Debug|Any CPU
		{2BD54F80-646D-4170-864E-D7A9FAAE3164}.Debug|Any CPU.Build.0 = Debug|Any CPU
		{2BD54F80-646D-4170-864E-D7A9FAAE3164}.Release|Any CPU.ActiveCfg = Release|Any CPU
		{2BD54F80-646D-4170-864E-D7A9FAAE3164}.Release|Any CPU.Build.0 = Release|Any CPU
	EndGlobalSection
	GlobalSection(SolutionProperties) = preSolution
		HideSolutionNode = FALSE
	EndGlobalSection
	GlobalSection(ExtensibilityGlobals) = postSolution
		SolutionGuid = {8CF9AFA8-1877-4121-BB01-10100D5B6D57}
	EndGlobalSection
EndGlobal
